// !$*UTF8*$!
{
	archiveVersion = 1;
	classes = {
	};
	objectVersion = 77;
	objects = {

/* Begin PBXBuildFile section */
		2803A1212DF4E63E00744E83 /* ComposableArchitecture in Frameworks */ = {isa = PBXBuildFile; productRef = 2803A1202DF4E63E00744E83 /* ComposableArchitecture */; };
		2803A1652DF4EC3800744E83 /* CrosscodeDataLibrary in Frameworks */ = {isa = PBXBuildFile; productRef = 2803A1642DF4EC3800744E83 /* CrosscodeDataLibrary */; };
		2803A1852DF58DE700744E83 /* Factory in Frameworks */ = {isa = PBXBuildFile; productRef = 2803A1842DF58DE700744E83 /* Factory */; };
/* End PBXBuildFile section */

/* Begin PBXContainerItemProxy section */
		2803A0EC2DF4E5DF00744E83 /* PBXContainerItemProxy */ = {
			isa = PBXContainerItemProxy;
			containerPortal = 2803A0D62DF4E5DE00744E83 /* Project object */;
			proxyType = 1;
			remoteGlobalIDString = 2803A0DD2DF4E5DE00744E83;
			remoteInfo = CrosscodeTCA2UI;
		};
		2803A0F62DF4E5DF00744E83 /* PBXContainerItemProxy */ = {
			isa = PBXContainerItemProxy;
			containerPortal = 2803A0D62DF4E5DE00744E83 /* Project object */;
			proxyType = 1;
			remoteGlobalIDString = 2803A0DD2DF4E5DE00744E83;
			remoteInfo = CrosscodeTCA2UI;
		};
/* End PBXContainerItemProxy section */

/* Begin PBXFileReference section */
		2803A0DE2DF4E5DE00744E83 /* CrosscodeTCA2UI.app */ = {isa = PBXFileReference; explicitFileType = wrapper.application; includeInIndex = 0; path = CrosscodeTCA2UI.app; sourceTree = BUILT_PRODUCTS_DIR; };
		2803A0EB2DF4E5DF00744E83 /* CrosscodeTCA2UITests.xctest */ = {isa = PBXFileReference; explicitFileType = wrapper.cfbundle; includeInIndex = 0; path = CrosscodeTCA2UITests.xctest; sourceTree = BUILT_PRODUCTS_DIR; };
		2803A0F52DF4E5DF00744E83 /* CrosscodeTCA2UIUITests.xctest */ = {isa = PBXFileReference; explicitFileType = wrapper.cfbundle; includeInIndex = 0; path = CrosscodeTCA2UIUITests.xctest; sourceTree = BUILT_PRODUCTS_DIR; };
/* End PBXFileReference section */

/* Begin PBXFileSystemSynchronizedRootGroup section */
		2803A0E02DF4E5DE00744E83 /* CrosscodeTCA2UI */ = {
			isa = PBXFileSystemSynchronizedRootGroup;
			path = CrosscodeTCA2UI;
			sourceTree = "<group>";
		};
		2803A0EE2DF4E5DF00744E83 /* CrosscodeTCA2UITests */ = {
			isa = PBXFileSystemSynchronizedRootGroup;
			path = CrosscodeTCA2UITests;
			sourceTree = "<group>";
		};
		2803A0F82DF4E5DF00744E83 /* CrosscodeTCA2UIUITests */ = {
			isa = PBXFileSystemSynchronizedRootGroup;
			path = CrosscodeTCA2UIUITests;
			sourceTree = "<group>";
		};
/* End PBXFileSystemSynchronizedRootGroup section */

/* Begin PBXFrameworksBuildPhase section */
		2803A0DB2DF4E5DE00744E83 /* Frameworks */ = {
			isa = PBXFrameworksBuildPhase;
			buildActionMask = 2147483647;
			files = (
				2803A1652DF4EC3800744E83 /* CrosscodeDataLibrary in Frameworks */,
				2803A1212DF4E63E00744E83 /* ComposableArchitecture in Frameworks */,
			);
			runOnlyForDeploymentPostprocessing = 0;
		};
		2803A0E82DF4E5DF00744E83 /* Frameworks */ = {
			isa = PBXFrameworksBuildPhase;
			buildActionMask = 2147483647;
			files = (
				2803A1852DF58DE700744E83 /* Factory in Frameworks */,
			);
			runOnlyForDeploymentPostprocessing = 0;
		};
		2803A0F22DF4E5DF00744E83 /* Frameworks */ = {
			isa = PBXFrameworksBuildPhase;
			buildActionMask = 2147483647;
			files = (
			);
			runOnlyForDeploymentPostprocessing = 0;
		};
/* End PBXFrameworksBuildPhase section */

/* Begin PBXGroup section */
		2803A0D52DF4E5DE00744E83 = {
			isa = PBXGroup;
			children = (
				2803A0E02DF4E5DE00744E83 /* CrosscodeTCA2UI */,
				2803A0EE2DF4E5DF00744E83 /* CrosscodeTCA2UITests */,
				2803A0F82DF4E5DF00744E83 /* CrosscodeTCA2UIUITests */,
				2803A1632DF4EC3800744E83 /* Frameworks */,
				2803A0DF2DF4E5DE00744E83 /* Products */,
			);
			sourceTree = "<group>";
		};
		2803A0DF2DF4E5DE00744E83 /* Products */ = {
			isa = PBXGroup;
			children = (
				2803A0DE2DF4E5DE00744E83 /* CrosscodeTCA2UI.app */,
				2803A0EB2DF4E5DF00744E83 /* CrosscodeTCA2UITests.xctest */,
				2803A0F52DF4E5DF00744E83 /* CrosscodeTCA2UIUITests.xctest */,
			);
			name = Products;
			sourceTree = "<group>";
		};
		2803A1632DF4EC3800744E83 /* Frameworks */ = {
			isa = PBXGroup;
			children = (
			);
			name = Frameworks;
			sourceTree = "<group>";
		};
/* End PBXGroup section */

/* Begin PBXNativeTarget section */
		2803A0DD2DF4E5DE00744E83 /* CrosscodeTCA2UI */ = {
			isa = PBXNativeTarget;
			buildConfigurationList = 2803A0FF2DF4E5DF00744E83 /* Build configuration list for PBXNativeTarget "CrosscodeTCA2UI" */;
			buildPhases = (
				2803A0DA2DF4E5DE00744E83 /* Sources */,
				2803A0DB2DF4E5DE00744E83 /* Frameworks */,
				2803A0DC2DF4E5DE00744E83 /* Resources */,
			);
			buildRules = (
			);
			dependencies = (
			);
			fileSystemSynchronizedGroups = (
				2803A0E02DF4E5DE00744E83 /* CrosscodeTCA2UI */,
			);
			name = CrosscodeTCA2UI;
			packageProductDependencies = (
				2803A1202DF4E63E00744E83 /* ComposableArchitecture */,
				2803A1642DF4EC3800744E83 /* CrosscodeDataLibrary */,
			);
			productName = CrosscodeTCA2UI;
			productReference = 2803A0DE2DF4E5DE00744E83 /* CrosscodeTCA2UI.app */;
			productType = "com.apple.product-type.application";
		};
		2803A0EA2DF4E5DF00744E83 /* CrosscodeTCA2UITests */ = {
			isa = PBXNativeTarget;
			buildConfigurationList = 2803A1022DF4E5DF00744E83 /* Build configuration list for PBXNativeTarget "CrosscodeTCA2UITests" */;
			buildPhases = (
				2803A0E72DF4E5DF00744E83 /* Sources */,
				2803A0E82DF4E5DF00744E83 /* Frameworks */,
				2803A0E92DF4E5DF00744E83 /* Resources */,
			);
			buildRules = (
			);
			dependencies = (
				2803A0ED2DF4E5DF00744E83 /* PBXTargetDependency */,
			);
			fileSystemSynchronizedGroups = (
				2803A0EE2DF4E5DF00744E83 /* CrosscodeTCA2UITests */,
			);
			name = CrosscodeTCA2UITests;
			packageProductDependencies = (
				2803A1842DF58DE700744E83 /* Factory */,
			);
			productName = CrosscodeTCA2UITests;
			productReference = 2803A0EB2DF4E5DF00744E83 /* CrosscodeTCA2UITests.xctest */;
			productType = "com.apple.product-type.bundle.unit-test";
		};
		2803A0F42DF4E5DF00744E83 /* CrosscodeTCA2UIUITests */ = {
			isa = PBXNativeTarget;
			buildConfigurationList = 2803A1052DF4E5DF00744E83 /* Build configuration list for PBXNativeTarget "CrosscodeTCA2UIUITests" */;
			buildPhases = (
				2803A0F12DF4E5DF00744E83 /* Sources */,
				2803A0F22DF4E5DF00744E83 /* Frameworks */,
				2803A0F32DF4E5DF00744E83 /* Resources */,
			);
			buildRules = (
			);
			dependencies = (
				2803A0F72DF4E5DF00744E83 /* PBXTargetDependency */,
			);
			fileSystemSynchronizedGroups = (
				2803A0F82DF4E5DF00744E83 /* CrosscodeTCA2UIUITests */,
			);
			name = CrosscodeTCA2UIUITests;
			packageProductDependencies = (
			);
			productName = CrosscodeTCA2UIUITests;
			productReference = 2803A0F52DF4E5DF00744E83 /* CrosscodeTCA2UIUITests.xctest */;
			productType = "com.apple.product-type.bundle.ui-testing";
		};
/* End PBXNativeTarget section */

/* Begin PBXProject section */
		2803A0D62DF4E5DE00744E83 /* Project object */ = {
			isa = PBXProject;
			attributes = {
				BuildIndependentTargetsInParallel = 1;
				LastSwiftUpdateCheck = 1630;
				LastUpgradeCheck = 1630;
				TargetAttributes = {
					2803A0DD2DF4E5DE00744E83 = {
						CreatedOnToolsVersion = 16.3;
					};
					2803A0EA2DF4E5DF00744E83 = {
						CreatedOnToolsVersion = 16.3;
						TestTargetID = 2803A0DD2DF4E5DE00744E83;
					};
					2803A0F42DF4E5DF00744E83 = {
						CreatedOnToolsVersion = 16.3;
						TestTargetID = 2803A0DD2DF4E5DE00744E83;
					};
				};
			};
			buildConfigurationList = 2803A0D92DF4E5DE00744E83 /* Build configuration list for PBXProject "CrosscodeTCA2UI" */;
			developmentRegion = en;
			hasScannedForEncodings = 0;
			knownRegions = (
				en,
				Base,
			);
			mainGroup = 2803A0D52DF4E5DE00744E83;
			minimizedProjectReferenceProxies = 1;
			packageReferences = (
				2803A11F2DF4E63E00744E83 /* XCRemoteSwiftPackageReference "swift-composable-architecture" */,
				2803A1832DF58DE700744E83 /* XCRemoteSwiftPackageReference "Factory" */,
			);
			preferredProjectObjectVersion = 77;
			productRefGroup = 2803A0DF2DF4E5DE00744E83 /* Products */;
			projectDirPath = "";
			projectRoot = "";
			targets = (
				2803A0DD2DF4E5DE00744E83 /* CrosscodeTCA2UI */,
				2803A0EA2DF4E5DF00744E83 /* CrosscodeTCA2UITests */,
				2803A0F42DF4E5DF00744E83 /* CrosscodeTCA2UIUITests */,
			);
		};
/* End PBXProject section */

/* Begin PBXResourcesBuildPhase section */
		2803A0DC2DF4E5DE00744E83 /* Resources */ = {
			isa = PBXResourcesBuildPhase;
			buildActionMask = 2147483647;
			files = (
			);
			runOnlyForDeploymentPostprocessing = 0;
		};
		2803A0E92DF4E5DF00744E83 /* Resources */ = {
			isa = PBXResourcesBuildPhase;
			buildActionMask = 2147483647;
			files = (
			);
			runOnlyForDeploymentPostprocessing = 0;
		};
		2803A0F32DF4E5DF00744E83 /* Resources */ = {
			isa = PBXResourcesBuildPhase;
			buildActionMask = 2147483647;
			files = (
			);
			runOnlyForDeploymentPostprocessing = 0;
		};
/* End PBXResourcesBuildPhase section */

/* Begin PBXSourcesBuildPhase section */
		2803A0DA2DF4E5DE00744E83 /* Sources */ = {
			isa = PBXSourcesBuildPhase;
			buildActionMask = 2147483647;
			files = (
			);
			runOnlyForDeploymentPostprocessing = 0;
		};
		2803A0E72DF4E5DF00744E83 /* Sources */ = {
			isa = PBXSourcesBuildPhase;
			buildActionMask = 2147483647;
			files = (
			);
			runOnlyForDeploymentPostprocessing = 0;
		};
		2803A0F12DF4E5DF00744E83 /* Sources */ = {
			isa = PBXSourcesBuildPhase;
			buildActionMask = 2147483647;
			files = (
			);
			runOnlyForDeploymentPostprocessing = 0;
		};
/* End PBXSourcesBuildPhase section */

/* Begin PBXTargetDependency section */
		2803A0ED2DF4E5DF00744E83 /* PBXTargetDependency */ = {
			isa = PBXTargetDependency;
			target = 2803A0DD2DF4E5DE00744E83 /* CrosscodeTCA2UI */;
			targetProxy = 2803A0EC2DF4E5DF00744E83 /* PBXContainerItemProxy */;
		};
		2803A0F72DF4E5DF00744E83 /* PBXTargetDependency */ = {
			isa = PBXTargetDependency;
			target = 2803A0DD2DF4E5DE00744E83 /* CrosscodeTCA2UI */;
			targetProxy = 2803A0F62DF4E5DF00744E83 /* PBXContainerItemProxy */;
		};
/* End PBXTargetDependency section */

/* Begin XCBuildConfiguration section */
		2803A0FD2DF4E5DF00744E83 /* Debug */ = {
			isa = XCBuildConfiguration;
			buildSettings = {
				ALWAYS_SEARCH_USER_PATHS = NO;
				ASSETCATALOG_COMPILER_GENERATE_SWIFT_ASSET_SYMBOL_EXTENSIONS = YES;
				CLANG_ANALYZER_NONNULL = YES;
				CLANG_ANALYZER_NUMBER_OBJECT_CONVERSION = YES_AGGRESSIVE;
				CLANG_CXX_LANGUAGE_STANDARD = "gnu++20";
				CLANG_ENABLE_MODULES = YES;
				CLANG_ENABLE_OBJC_ARC = YES;
				CLANG_ENABLE_OBJC_WEAK = YES;
				CLANG_WARN_BLOCK_CAPTURE_AUTORELEASING = YES;
				CLANG_WARN_BOOL_CONVERSION = YES;
				CLANG_WARN_COMMA = YES;
				CLANG_WARN_CONSTANT_CONVERSION = YES;
				CLANG_WARN_DEPRECATED_OBJC_IMPLEMENTATIONS = YES;
				CLANG_WARN_DIRECT_OBJC_ISA_USAGE = YES_ERROR;
				CLANG_WARN_DOCUMENTATION_COMMENTS = YES;
				CLANG_WARN_EMPTY_BODY = YES;
				CLANG_WARN_ENUM_CONVERSION = YES;
				CLANG_WARN_INFINITE_RECURSION = YES;
				CLANG_WARN_INT_CONVERSION = YES;
				CLANG_WARN_NON_LITERAL_NULL_CONVERSION = YES;
				CLANG_WARN_OBJC_IMPLICIT_RETAIN_SELF = YES;
				CLANG_WARN_OBJC_LITERAL_CONVERSION = YES;
				CLANG_WARN_OBJC_ROOT_CLASS = YES_ERROR;
				CLANG_WARN_QUOTED_INCLUDE_IN_FRAMEWORK_HEADER = YES;
				CLANG_WARN_RANGE_LOOP_ANALYSIS = YES;
				CLANG_WARN_STRICT_PROTOTYPES = YES;
				CLANG_WARN_SUSPICIOUS_MOVE = YES;
				CLANG_WARN_UNGUARDED_AVAILABILITY = YES_AGGRESSIVE;
				CLANG_WARN_UNREACHABLE_CODE = YES;
				CLANG_WARN__DUPLICATE_METHOD_MATCH = YES;
				COPY_PHASE_STRIP = NO;
				DEBUG_INFORMATION_FORMAT = dwarf;
				DEVELOPMENT_TEAM = 4D9S5L6RG7;
				ENABLE_STRICT_OBJC_MSGSEND = YES;
				ENABLE_TESTABILITY = YES;
				ENABLE_USER_SCRIPT_SANDBOXING = YES;
				GCC_C_LANGUAGE_STANDARD = gnu17;
				GCC_DYNAMIC_NO_PIC = NO;
				GCC_NO_COMMON_BLOCKS = YES;
				GCC_OPTIMIZATION_LEVEL = 0;
				GCC_PREPROCESSOR_DEFINITIONS = (
					"DEBUG=1",
					"$(inherited)",
				);
				GCC_WARN_64_TO_32_BIT_CONVERSION = YES;
				GCC_WARN_ABOUT_RETURN_TYPE = YES_ERROR;
				GCC_WARN_UNDECLARED_SELECTOR = YES;
				GCC_WARN_UNINITIALIZED_AUTOS = YES_AGGRESSIVE;
				GCC_WARN_UNUSED_FUNCTION = YES;
				GCC_WARN_UNUSED_VARIABLE = YES;
				IPHONEOS_DEPLOYMENT_TARGET = 18.4;
				LOCALIZATION_PREFERS_STRING_CATALOGS = YES;
				MTL_ENABLE_DEBUG_INFO = INCLUDE_SOURCE;
				MTL_FAST_MATH = YES;
				ONLY_ACTIVE_ARCH = YES;
				SDKROOT = iphoneos;
				SWIFT_ACTIVE_COMPILATION_CONDITIONS = "DEBUG $(inherited)";
				SWIFT_OPTIMIZATION_LEVEL = "-Onone";
			};
			name = Debug;
		};
		2803A0FE2DF4E5DF00744E83 /* Release */ = {
			isa = XCBuildConfiguration;
			buildSettings = {
				ALWAYS_SEARCH_USER_PATHS = NO;
				ASSETCATALOG_COMPILER_GENERATE_SWIFT_ASSET_SYMBOL_EXTENSIONS = YES;
				CLANG_ANALYZER_NONNULL = YES;
				CLANG_ANALYZER_NUMBER_OBJECT_CONVERSION = YES_AGGRESSIVE;
				CLANG_CXX_LANGUAGE_STANDARD = "gnu++20";
				CLANG_ENABLE_MODULES = YES;
				CLANG_ENABLE_OBJC_ARC = YES;
				CLANG_ENABLE_OBJC_WEAK = YES;
				CLANG_WARN_BLOCK_CAPTURE_AUTORELEASING = YES;
				CLANG_WARN_BOOL_CONVERSION = YES;
				CLANG_WARN_COMMA = YES;
				CLANG_WARN_CONSTANT_CONVERSION = YES;
				CLANG_WARN_DEPRECATED_OBJC_IMPLEMENTATIONS = YES;
				CLANG_WARN_DIRECT_OBJC_ISA_USAGE = YES_ERROR;
				CLANG_WARN_DOCUMENTATION_COMMENTS = YES;
				CLANG_WARN_EMPTY_BODY = YES;
				CLANG_WARN_ENUM_CONVERSION = YES;
				CLANG_WARN_INFINITE_RECURSION = YES;
				CLANG_WARN_INT_CONVERSION = YES;
				CLANG_WARN_NON_LITERAL_NULL_CONVERSION = YES;
				CLANG_WARN_OBJC_IMPLICIT_RETAIN_SELF = YES;
				CLANG_WARN_OBJC_LITERAL_CONVERSION = YES;
				CLANG_WARN_OBJC_ROOT_CLASS = YES_ERROR;
				CLANG_WARN_QUOTED_INCLUDE_IN_FRAMEWORK_HEADER = YES;
				CLANG_WARN_RANGE_LOOP_ANALYSIS = YES;
				CLANG_WARN_STRICT_PROTOTYPES = YES;
				CLANG_WARN_SUSPICIOUS_MOVE = YES;
				CLANG_WARN_UNGUARDED_AVAILABILITY = YES_AGGRESSIVE;
				CLANG_WARN_UNREACHABLE_CODE = YES;
				CLANG_WARN__DUPLICATE_METHOD_MATCH = YES;
				COPY_PHASE_STRIP = NO;
				DEBUG_INFORMATION_FORMAT = "dwarf-with-dsym";
				DEVELOPMENT_TEAM = 4D9S5L6RG7;
				ENABLE_NS_ASSERTIONS = NO;
				ENABLE_STRICT_OBJC_MSGSEND = YES;
				ENABLE_USER_SCRIPT_SANDBOXING = YES;
				GCC_C_LANGUAGE_STANDARD = gnu17;
				GCC_NO_COMMON_BLOCKS = YES;
				GCC_WARN_64_TO_32_BIT_CONVERSION = YES;
				GCC_WARN_ABOUT_RETURN_TYPE = YES_ERROR;
				GCC_WARN_UNDECLARED_SELECTOR = YES;
				GCC_WARN_UNINITIALIZED_AUTOS = YES_AGGRESSIVE;
				GCC_WARN_UNUSED_FUNCTION = YES;
				GCC_WARN_UNUSED_VARIABLE = YES;
				IPHONEOS_DEPLOYMENT_TARGET = 18.4;
				LOCALIZATION_PREFERS_STRING_CATALOGS = YES;
				MTL_ENABLE_DEBUG_INFO = NO;
				MTL_FAST_MATH = YES;
				SDKROOT = iphoneos;
				SWIFT_COMPILATION_MODE = wholemodule;
				VALIDATE_PRODUCT = YES;
			};
			name = Release;
		};
		2803A1002DF4E5DF00744E83 /* Debug */ = {
			isa = XCBuildConfiguration;
			buildSettings = {
				ASSETCATALOG_COMPILER_APPICON_NAME = AppIcon;
				ASSETCATALOG_COMPILER_GLOBAL_ACCENT_COLOR_NAME = AccentColor;
				CODE_SIGN_STYLE = Automatic;
				CURRENT_PROJECT_VERSION = 1;
				DEVELOPMENT_TEAM = 4D9S5L6RG7;
				ENABLE_PREVIEWS = YES;
				GENERATE_INFOPLIST_FILE = YES;
				INFOPLIST_KEY_UIApplicationSceneManifest_Generation = YES;
				INFOPLIST_KEY_UIApplicationSupportsIndirectInputEvents = YES;
				INFOPLIST_KEY_UILaunchScreen_Generation = YES;
				INFOPLIST_KEY_UISupportedInterfaceOrientations_iPad = "UIInterfaceOrientationPortrait UIInterfaceOrientationPortraitUpsideDown UIInterfaceOrientationLandscapeLeft UIInterfaceOrientationLandscapeRight";
				INFOPLIST_KEY_UISupportedInterfaceOrientations_iPhone = "UIInterfaceOrientationPortrait UIInterfaceOrientationLandscapeLeft UIInterfaceOrientationLandscapeRight";
				LD_RUNPATH_SEARCH_PATHS = (
					"$(inherited)",
					"@executable_path/Frameworks",
				);
				MARKETING_VERSION = 1.0;
				PRODUCT_BUNDLE_IDENTIFIER = com.funkysymbol.CrosscodeTCA2UI;
				PRODUCT_NAME = "$(TARGET_NAME)";
				SWIFT_EMIT_LOC_STRINGS = YES;
				SWIFT_VERSION = 5.0;
				TARGETED_DEVICE_FAMILY = "1,2";
			};
			name = Debug;
		};
		2803A1012DF4E5DF00744E83 /* Release */ = {
			isa = XCBuildConfiguration;
			buildSettings = {
				ASSETCATALOG_COMPILER_APPICON_NAME = AppIcon;
				ASSETCATALOG_COMPILER_GLOBAL_ACCENT_COLOR_NAME = AccentColor;
				CODE_SIGN_STYLE = Automatic;
				CURRENT_PROJECT_VERSION = 1;
				DEVELOPMENT_TEAM = 4D9S5L6RG7;
				ENABLE_PREVIEWS = YES;
				GENERATE_INFOPLIST_FILE = YES;
				INFOPLIST_KEY_UIApplicationSceneManifest_Generation = YES;
				INFOPLIST_KEY_UIApplicationSupportsIndirectInputEvents = YES;
				INFOPLIST_KEY_UILaunchScreen_Generation = YES;
				INFOPLIST_KEY_UISupportedInterfaceOrientations_iPad = "UIInterfaceOrientationPortrait UIInterfaceOrientationPortraitUpsideDown UIInterfaceOrientationLandscapeLeft UIInterfaceOrientationLandscapeRight";
				INFOPLIST_KEY_UISupportedInterfaceOrientations_iPhone = "UIInterfaceOrientationPortrait UIInterfaceOrientationLandscapeLeft UIInterfaceOrientationLandscapeRight";
				LD_RUNPATH_SEARCH_PATHS = (
					"$(inherited)",
					"@executable_path/Frameworks",
				);
				MARKETING_VERSION = 1.0;
				PRODUCT_BUNDLE_IDENTIFIER = com.funkysymbol.CrosscodeTCA2UI;
				PRODUCT_NAME = "$(TARGET_NAME)";
				SWIFT_EMIT_LOC_STRINGS = YES;
				SWIFT_VERSION = 5.0;
				TARGETED_DEVICE_FAMILY = "1,2";
			};
			name = Release;
		};
		2803A1032DF4E5DF00744E83 /* Debug */ = {
			isa = XCBuildConfiguration;
			buildSettings = {
				BUNDLE_LOADER = "$(TEST_HOST)";
				CODE_SIGN_STYLE = Automatic;
				CURRENT_PROJECT_VERSION = 1;
				DEVELOPMENT_TEAM = 4D9S5L6RG7;
				GENERATE_INFOPLIST_FILE = YES;
				IPHONEOS_DEPLOYMENT_TARGET = 18.4;
				MARKETING_VERSION = 1.0;
				PRODUCT_BUNDLE_IDENTIFIER = com.funkysymbol.CrosscodeTCA2UITests;
				PRODUCT_NAME = "$(TARGET_NAME)";
				SWIFT_EMIT_LOC_STRINGS = NO;
				SWIFT_VERSION = 5.0;
				TARGETED_DEVICE_FAMILY = "1,2";
				TEST_HOST = "$(BUILT_PRODUCTS_DIR)/CrosscodeTCA2UI.app/$(BUNDLE_EXECUTABLE_FOLDER_PATH)/CrosscodeTCA2UI";
			};
			name = Debug;
		};
		2803A1042DF4E5DF00744E83 /* Release */ = {
			isa = XCBuildConfiguration;
			buildSettings = {
				BUNDLE_LOADER = "$(TEST_HOST)";
				CODE_SIGN_STYLE = Automatic;
				CURRENT_PROJECT_VERSION = 1;
				DEVELOPMENT_TEAM = 4D9S5L6RG7;
				GENERATE_INFOPLIST_FILE = YES;
				IPHONEOS_DEPLOYMENT_TARGET = 18.4;
				MARKETING_VERSION = 1.0;
				PRODUCT_BUNDLE_IDENTIFIER = com.funkysymbol.CrosscodeTCA2UITests;
				PRODUCT_NAME = "$(TARGET_NAME)";
				SWIFT_EMIT_LOC_STRINGS = NO;
				SWIFT_VERSION = 5.0;
				TARGETED_DEVICE_FAMILY = "1,2";
				TEST_HOST = "$(BUILT_PRODUCTS_DIR)/CrosscodeTCA2UI.app/$(BUNDLE_EXECUTABLE_FOLDER_PATH)/CrosscodeTCA2UI";
			};
			name = Release;
		};
		2803A1062DF4E5DF00744E83 /* Debug */ = {
			isa = XCBuildConfiguration;
			buildSettings = {
				CODE_SIGN_STYLE = Automatic;
				CURRENT_PROJECT_VERSION = 1;
				DEVELOPMENT_TEAM = 4D9S5L6RG7;
				GENERATE_INFOPLIST_FILE = YES;
				MARKETING_VERSION = 1.0;
				PRODUCT_BUNDLE_IDENTIFIER = com.funkysymbol.CrosscodeTCA2UIUITests;
				PRODUCT_NAME = "$(TARGET_NAME)";
				SWIFT_EMIT_LOC_STRINGS = NO;
				SWIFT_VERSION = 5.0;
				TARGETED_DEVICE_FAMILY = "1,2";
				TEST_TARGET_NAME = CrosscodeTCA2UI;
			};
			name = Debug;
		};
		2803A1072DF4E5DF00744E83 /* Release */ = {
			isa = XCBuildConfiguration;
			buildSettings = {
				CODE_SIGN_STYLE = Automatic;
				CURRENT_PROJECT_VERSION = 1;
				DEVELOPMENT_TEAM = 4D9S5L6RG7;
				GENERATE_INFOPLIST_FILE = YES;
				MARKETING_VERSION = 1.0;
				PRODUCT_BUNDLE_IDENTIFIER = com.funkysymbol.CrosscodeTCA2UIUITests;
				PRODUCT_NAME = "$(TARGET_NAME)";
				SWIFT_EMIT_LOC_STRINGS = NO;
				SWIFT_VERSION = 5.0;
				TARGETED_DEVICE_FAMILY = "1,2";
				TEST_TARGET_NAME = CrosscodeTCA2UI;
			};
			name = Release;
		};
/* End XCBuildConfiguration section */

/* Begin XCConfigurationList section */
		2803A0D92DF4E5DE00744E83 /* Build configuration list for PBXProject "CrosscodeTCA2UI" */ = {
			isa = XCConfigurationList;
			buildConfigurations = (
				2803A0FD2DF4E5DF00744E83 /* Debug */,
				2803A0FE2DF4E5DF00744E83 /* Release */,
			);
			defaultConfigurationIsVisible = 0;
			defaultConfigurationName = Release;
		};
		2803A0FF2DF4E5DF00744E83 /* Build configuration list for PBXNativeTarget "CrosscodeTCA2UI" */ = {
			isa = XCConfigurationList;
			buildConfigurations = (
				2803A1002DF4E5DF00744E83 /* Debug */,
				2803A1012DF4E5DF00744E83 /* Release */,
			);
			defaultConfigurationIsVisible = 0;
			defaultConfigurationName = Release;
		};
		2803A1022DF4E5DF00744E83 /* Build configuration list for PBXNativeTarget "CrosscodeTCA2UITests" */ = {
			isa = XCConfigurationList;
			buildConfigurations = (
				2803A1032DF4E5DF00744E83 /* Debug */,
				2803A1042DF4E5DF00744E83 /* Release */,
			);
			defaultConfigurationIsVisible = 0;
			defaultConfigurationName = Release;
		};
		2803A1052DF4E5DF00744E83 /* Build configuration list for PBXNativeTarget "CrosscodeTCA2UIUITests" */ = {
			isa = XCConfigurationList;
			buildConfigurations = (
				2803A1062DF4E5DF00744E83 /* Debug */,
				2803A1072DF4E5DF00744E83 /* Release */,
			);
			defaultConfigurationIsVisible = 0;
			defaultConfigurationName = Release;
		};
/* End XCConfigurationList section */

/* Begin XCRemoteSwiftPackageReference section */
		2803A11F2DF4E63E00744E83 /* XCRemoteSwiftPackageReference "swift-composable-architecture" */ = {
			isa = XCRemoteSwiftPackageReference;
			repositoryURL = "https://github.com/pointfreeco/swift-composable-architecture";
			requirement = {
				kind = upToNextMajorVersion;
				minimumVersion = 1.20.2;
			};
		};
		2803A1832DF58DE700744E83 /* XCRemoteSwiftPackageReference "Factory" */ = {
			isa = XCRemoteSwiftPackageReference;
			repositoryURL = "https://github.com/hmlongco/Factory.git";
			requirement = {
				kind = upToNextMajorVersion;
				minimumVersion = 2.5.3;
			};
		};
/* End XCRemoteSwiftPackageReference section */

/* Begin XCSwiftPackageProductDependency section */
		2803A1202DF4E63E00744E83 /* ComposableArchitecture */ = {
			isa = XCSwiftPackageProductDependency;
			package = 2803A11F2DF4E63E00744E83 /* XCRemoteSwiftPackageReference "swift-composable-architecture" */;
			productName = ComposableArchitecture;
		};
		2803A1642DF4EC3800744E83 /* CrosscodeDataLibrary */ = {
			isa = XCSwiftPackageProductDependency;
			productName = CrosscodeDataLibrary;
		};
		2803A1842DF58DE700744E83 /* Factory */ = {
			isa = XCSwiftPackageProductDependency;
			package = 2803A1832DF58DE700744E83 /* XCRemoteSwiftPackageReference "Factory" */;
			productName = Factory;
		};
/* End XCSwiftPackageProductDependency section */
	};
	rootObject = 2803A0D62DF4E5DE00744E83 /* Project object */;
}
